
Microsoft Visual Studio Solution File, Format Version 12.00
# Visual Studio Version 16
VisualStudioVersion = 16.0.29519.181
MinimumVisualStudioVersion = 10.0.40219.1
Project("{8BC9CEB8-8B4A-11D0-8D11-00A0C91BC942}") = "test-3-31", "test-3-31\test-3-31.vcxproj", "{14CF2AEC-C2FB-4598-BACE-451301EE0A28}"
EndProject
Global
	GlobalSection(SolutionConfigurationPlatforms) = preSolution
		Debug|x64 = Debug|x64
		Debug|x86 = Debug|x86
		Release|x64 = Release|x64
		Release|x86 = Release|x86
	EndGlobalSection
	GlobalSection(ProjectConfigurationPlatforms) = postSolution
		{14CF2AEC-C2FB-4598-BACE-451301EE0A28}.Debug|x64.ActiveCfg = Debug|x64
		{14CF2AEC-C2FB-4598-BACE-451301EE0A28}.Debug|x64.Build.0 = Debug|x64
		{14CF2AEC-C2FB-4598-BACE-451301EE0A28}.Debug|x86.ActiveCfg = Debug|Win32
		{14CF2AEC-C2FB-4598-BACE-451301EE0A28}.Debug|x86.Build.0 = Debug|Win32
		{14CF2AEC-C2FB-4598-BACE-451301EE0A28}.Release|x64.ActiveCfg = Release|x64
		{14CF2AEC-C2FB-4598-BACE-451301EE0A28}.Release|x64.Build.0 = Release|x64
		{14CF2AEC-C2FB-4598-BACE-451301EE0A28}.Release|x86.ActiveCfg = Release|Win32
		{14CF2AEC-C2FB-4598-BACE-451301EE0A28}.Release|x86.Build.0 = Release|Win32
	EndGlobalSection
	GlobalSection(SolutionProperties) = preSolution
		HideSolutionNode = FALSE
	EndGlobalSection
	GlobalSection(ExtensibilityGlobals) = postSolution
		SolutionGuid = {9C65B063-4305-4DD8-BD91-8BDCA499A83F}
	EndGlobalSection
EndGlobal
