
Microsoft Visual Studio Solution File, Format Version 12.00
# Visual Studio Version 16
VisualStudioVersion = 16.0.29519.181
MinimumVisualStudioVersion = 10.0.40219.1
Project("{8BC9CEB8-8B4A-11D0-8D11-00A0C91BC942}") = "Cpp OJ", "Cpp OJ\Cpp OJ.vcxproj", "{409DDCBE-FDF2-4FA0-B20C-E1D86E92970D}"
EndProject
Global
	GlobalSection(SolutionConfigurationPlatforms) = preSolution
		Debug|x64 = Debug|x64
		Debug|x86 = Debug|x86
		Release|x64 = Release|x64
		Release|x86 = Release|x86
	EndGlobalSection
	GlobalSection(ProjectConfigurationPlatforms) = postSolution
		{409DDCBE-FDF2-4FA0-B20C-E1D86E92970D}.Debug|x64.ActiveCfg = Debug|x64
		{409DDCBE-FDF2-4FA0-B20C-E1D86E92970D}.Debug|x64.Build.0 = Debug|x64
		{409DDCBE-FDF2-4FA0-B20C-E1D86E92970D}.Debug|x86.ActiveCfg = Debug|Win32
		{409DDCBE-FDF2-4FA0-B20C-E1D86E92970D}.Debug|x86.Build.0 = Debug|Win32
		{409DDCBE-FDF2-4FA0-B20C-E1D86E92970D}.Release|x64.ActiveCfg = Release|x64
		{409DDCBE-FDF2-4FA0-B20C-E1D86E92970D}.Release|x64.Build.0 = Release|x64
		{409DDCBE-FDF2-4FA0-B20C-E1D86E92970D}.Release|x86.ActiveCfg = Release|Win32
		{409DDCBE-FDF2-4FA0-B20C-E1D86E92970D}.Release|x86.Build.0 = Release|Win32
	EndGlobalSection
	GlobalSection(SolutionProperties) = preSolution
		HideSolutionNode = FALSE
	EndGlobalSection
	GlobalSection(ExtensibilityGlobals) = postSolution
		SolutionGuid = {7B05767E-8123-4CE7-B508-5A68A9522D33}
	EndGlobalSection
EndGlobal
